
Microsoft Visual Studio Solution File, Format Version 12.00
# Visual Studio 15
VisualStudioVersion = 15.0.27004.2005
MinimumVisualStudioVersion = 10.0.40219.1
Project("{FAE04EC0-301F-11D3-BF4B-00C04F79EFBC}") = "Marista.Admin", "Marista.Admin\Marista.Admin.csproj", "{30CBE6D3-AD23-4DB3-94F1-DCE288304E7B}"
EndProject
Project("{FAE04EC0-301F-11D3-BF4B-00C04F79EFBC}") = "Marista.DL", "Marista.DL\Marista.DL.csproj", "{B1630CCE-658A-4CD0-BDF7-A6D78F5EBC0A}"
EndProject
Project("{FAE04EC0-301F-11D3-BF4B-00C04F79EFBC}") = "Marista.Common", "Marista.Common\Marista.Common.csproj", "{0625FFB1-116A-42BA-AA03-34E56AE73DD1}"
EndProject
Global
	GlobalSection(SolutionConfigurationPlatforms) = preSolution
		Debug|Any CPU = Debug|Any CPU
		DebugV|Any CPU = DebugV|Any CPU
		Release|Any CPU = Release|Any CPU
	EndGlobalSection
	GlobalSection(ProjectConfigurationPlatforms) = postSolution
		{30CBE6D3-AD23-4DB3-94F1-DCE288304E7B}.Debug|Any CPU.ActiveCfg = Debug|Any CPU
		{30CBE6D3-AD23-4DB3-94F1-DCE288304E7B}.Debug|Any CPU.Build.0 = Debug|Any CPU
		{30CBE6D3-AD23-4DB3-94F1-DCE288304E7B}.DebugV|Any CPU.ActiveCfg = Debug|Any CPU
		{30CBE6D3-AD23-4DB3-94F1-DCE288304E7B}.DebugV|Any CPU.Build.0 = Debug|Any CPU
		{30CBE6D3-AD23-4DB3-94F1-DCE288304E7B}.Release|Any CPU.ActiveCfg = Release|Any CPU
		{30CBE6D3-AD23-4DB3-94F1-DCE288304E7B}.Release|Any CPU.Build.0 = Release|Any CPU
		{B1630CCE-658A-4CD0-BDF7-A6D78F5EBC0A}.Debug|Any CPU.ActiveCfg = Debug|Any CPU
		{B1630CCE-658A-4CD0-BDF7-A6D78F5EBC0A}.Debug|Any CPU.Build.0 = Debug|Any CPU
		{B1630CCE-658A-4CD0-BDF7-A6D78F5EBC0A}.DebugV|Any CPU.ActiveCfg = Debug|Any CPU
		{B1630CCE-658A-4CD0-BDF7-A6D78F5EBC0A}.DebugV|Any CPU.Build.0 = Debug|Any CPU
		{B1630CCE-658A-4CD0-BDF7-A6D78F5EBC0A}.Release|Any CPU.ActiveCfg = Release|Any CPU
		{B1630CCE-658A-4CD0-BDF7-A6D78F5EBC0A}.Release|Any CPU.Build.0 = Release|Any CPU
		{0625FFB1-116A-42BA-AA03-34E56AE73DD1}.Debug|Any CPU.ActiveCfg = Debug|Any CPU
		{0625FFB1-116A-42BA-AA03-34E56AE73DD1}.Debug|Any CPU.Build.0 = Debug|Any CPU
		{0625FFB1-116A-42BA-AA03-34E56AE73DD1}.DebugV|Any CPU.ActiveCfg = Debug|Any CPU
		{0625FFB1-116A-42BA-AA03-34E56AE73DD1}.DebugV|Any CPU.Build.0 = Debug|Any CPU
		{0625FFB1-116A-42BA-AA03-34E56AE73DD1}.Release|Any CPU.ActiveCfg = Release|Any CPU
		{0625FFB1-116A-42BA-AA03-34E56AE73DD1}.Release|Any CPU.Build.0 = Release|Any CPU
	EndGlobalSection
	GlobalSection(SolutionProperties) = preSolution
		HideSolutionNode = FALSE
	EndGlobalSection
	GlobalSection(ExtensibilityGlobals) = postSolution
		SolutionGuid = {0D9A41A2-1805-4ABE-893F-4DF43CCB03AA}
	EndGlobalSection
EndGlobal
